
Microsoft Visual Studio Solution File, Format Version 12.00
# Visual Studio Version 17
VisualStudioVersion = 17.0.32014.148
MinimumVisualStudioVersion = 10.0.40219.1
Project("{9A19103F-16F7-4668-BE54-9A1E7A4F7556}") = "Appp02", "Appp02\Appp02.csproj", "{32398165-730A-4BF4-BC0F-1F35D23C7D84}"
EndProject
Project("{9A19103F-16F7-4668-BE54-9A1E7A4F7556}") = "LinkedList", "LinkedList\LinkedList.csproj", "{D4F96BF5-9C80-463B-910C-431DDF86599D}"
EndProject
Project("{9A19103F-16F7-4668-BE54-9A1E7A4F7556}") = "Stack", "Stack\Stack.csproj", "{C38A2F25-2704-4DFC-8DF2-B502F873EB62}"
EndProject
Project("{9A19103F-16F7-4668-BE54-9A1E7A4F7556}") = "Queue", "Queue\Queue.csproj", "{1EA7FBEA-8F70-4CA7-B841-A9E0680D803E}"
EndProject
Project("{9A19103F-16F7-4668-BE54-9A1E7A4F7556}") = "Dictionary", "Dictionary\Dictionary.csproj", "{DF5F6765-7B07-42E2-A6B1-AC60700705EB}"
EndProject
Project("{9A19103F-16F7-4668-BE54-9A1E7A4F7556}") = "Delegates", "Delegates\Delegates.csproj", "{5CAA41C9-EF9D-46A7-A11C-553BF7F12B73}"
EndProject
Project("{9A19103F-16F7-4668-BE54-9A1E7A4F7556}") = "Eventos", "Eventos\Eventos.csproj", "{31D7DEDD-0C39-4D29-ABB2-EC83F2AC7AEE}"
EndProject
Project("{FAE04EC0-301F-11D3-BF4B-00C04F79EFBC}") = "Lambda", "Lambda\Lambda.csproj", "{A93C8778-BF72-408B-9EB6-20119A10825A}"
EndProject
Global
	GlobalSection(SolutionConfigurationPlatforms) = preSolution
		Debug|Any CPU = Debug|Any CPU
		Release|Any CPU = Release|Any CPU
	EndGlobalSection
	GlobalSection(ProjectConfigurationPlatforms) = postSolution
		{32398165-730A-4BF4-BC0F-1F35D23C7D84}.Debug|Any CPU.ActiveCfg = Debug|Any CPU
		{32398165-730A-4BF4-BC0F-1F35D23C7D84}.Debug|Any CPU.Build.0 = Debug|Any CPU
		{32398165-730A-4BF4-BC0F-1F35D23C7D84}.Release|Any CPU.ActiveCfg = Release|Any CPU
		{32398165-730A-4BF4-BC0F-1F35D23C7D84}.Release|Any CPU.Build.0 = Release|Any CPU
		{D4F96BF5-9C80-463B-910C-431DDF86599D}.Debug|Any CPU.ActiveCfg = Debug|Any CPU
		{D4F96BF5-9C80-463B-910C-431DDF86599D}.Debug|Any CPU.Build.0 = Debug|Any CPU
		{D4F96BF5-9C80-463B-910C-431DDF86599D}.Release|Any CPU.ActiveCfg = Release|Any CPU
		{D4F96BF5-9C80-463B-910C-431DDF86599D}.Release|Any CPU.Build.0 = Release|Any CPU
		{C38A2F25-2704-4DFC-8DF2-B502F873EB62}.Debug|Any CPU.ActiveCfg = Debug|Any CPU
		{C38A2F25-2704-4DFC-8DF2-B502F873EB62}.Debug|Any CPU.Build.0 = Debug|Any CPU
		{C38A2F25-2704-4DFC-8DF2-B502F873EB62}.Release|Any CPU.ActiveCfg = Release|Any CPU
		{C38A2F25-2704-4DFC-8DF2-B502F873EB62}.Release|Any CPU.Build.0 = Release|Any CPU
		{1EA7FBEA-8F70-4CA7-B841-A9E0680D803E}.Debug|Any CPU.ActiveCfg = Debug|Any CPU
		{1EA7FBEA-8F70-4CA7-B841-A9E0680D803E}.Debug|Any CPU.Build.0 = Debug|Any CPU
		{1EA7FBEA-8F70-4CA7-B841-A9E0680D803E}.Release|Any CPU.ActiveCfg = Release|Any CPU
		{1EA7FBEA-8F70-4CA7-B841-A9E0680D803E}.Release|Any CPU.Build.0 = Release|Any CPU
		{DF5F6765-7B07-42E2-A6B1-AC60700705EB}.Debug|Any CPU.ActiveCfg = Debug|Any CPU
		{DF5F6765-7B07-42E2-A6B1-AC60700705EB}.Debug|Any CPU.Build.0 = Debug|Any CPU
		{DF5F6765-7B07-42E2-A6B1-AC60700705EB}.Release|Any CPU.ActiveCfg = Release|Any CPU
		{DF5F6765-7B07-42E2-A6B1-AC60700705EB}.Release|Any CPU.Build.0 = Release|Any CPU
		{5CAA41C9-EF9D-46A7-A11C-553BF7F12B73}.Debug|Any CPU.ActiveCfg = Debug|Any CPU
		{5CAA41C9-EF9D-46A7-A11C-553BF7F12B73}.Debug|Any CPU.Build.0 = Debug|Any CPU
		{5CAA41C9-EF9D-46A7-A11C-553BF7F12B73}.Release|Any CPU.ActiveCfg = Release|Any CPU
		{5CAA41C9-EF9D-46A7-A11C-553BF7F12B73}.Release|Any CPU.Build.0 = Release|Any CPU
		{31D7DEDD-0C39-4D29-ABB2-EC83F2AC7AEE}.Debug|Any CPU.ActiveCfg = Debug|Any CPU
		{31D7DEDD-0C39-4D29-ABB2-EC83F2AC7AEE}.Debug|Any CPU.Build.0 = Debug|Any CPU
		{31D7DEDD-0C39-4D29-ABB2-EC83F2AC7AEE}.Release|Any CPU.ActiveCfg = Release|Any CPU
		{31D7DEDD-0C39-4D29-ABB2-EC83F2AC7AEE}.Release|Any CPU.Build.0 = Release|Any CPU
		{A93C8778-BF72-408B-9EB6-20119A10825A}.Debug|Any CPU.ActiveCfg = Debug|Any CPU
		{A93C8778-BF72-408B-9EB6-20119A10825A}.Debug|Any CPU.Build.0 = Debug|Any CPU
		{A93C8778-BF72-408B-9EB6-20119A10825A}.Release|Any CPU.ActiveCfg = Release|Any CPU
		{A93C8778-BF72-408B-9EB6-20119A10825A}.Release|Any CPU.Build.0 = Release|Any CPU
	EndGlobalSection
	GlobalSection(SolutionProperties) = preSolution
		HideSolutionNode = FALSE
	EndGlobalSection
	GlobalSection(ExtensibilityGlobals) = postSolution
		SolutionGuid = {F82AA22F-87B4-40CC-8A8C-4770ECD47EE6}
	EndGlobalSection
EndGlobal
