
Microsoft Visual Studio Solution File, Format Version 12.00
# Visual Studio Version 17
VisualStudioVersion = 17.0.32014.148
MinimumVisualStudioVersion = 10.0.40219.1
Project("{9A19103F-16F7-4668-BE54-9A1E7A4F7556}") = "Appp02", "Appp02\Appp02.csproj", "{32398165-730A-4BF4-BC0F-1F35D23C7D84}"
EndProject
Project("{FAE04EC0-301F-11D3-BF4B-00C04F79EFBC}") = "LinkedList", "LinkedList\LinkedList.csproj", "{D4F96BF5-9C80-463B-910C-431DDF86599D}"
EndProject
Global
	GlobalSection(SolutionConfigurationPlatforms) = preSolution
		Debug|Any CPU = Debug|Any CPU
		Release|Any CPU = Release|Any CPU
	EndGlobalSection
	GlobalSection(ProjectConfigurationPlatforms) = postSolution
		{32398165-730A-4BF4-BC0F-1F35D23C7D84}.Debug|Any CPU.ActiveCfg = Debug|Any CPU
		{32398165-730A-4BF4-BC0F-1F35D23C7D84}.Debug|Any CPU.Build.0 = Debug|Any CPU
		{32398165-730A-4BF4-BC0F-1F35D23C7D84}.Release|Any CPU.ActiveCfg = Release|Any CPU
		{32398165-730A-4BF4-BC0F-1F35D23C7D84}.Release|Any CPU.Build.0 = Release|Any CPU
		{D4F96BF5-9C80-463B-910C-431DDF86599D}.Debug|Any CPU.ActiveCfg = Debug|Any CPU
		{D4F96BF5-9C80-463B-910C-431DDF86599D}.Debug|Any CPU.Build.0 = Debug|Any CPU
		{D4F96BF5-9C80-463B-910C-431DDF86599D}.Release|Any CPU.ActiveCfg = Release|Any CPU
		{D4F96BF5-9C80-463B-910C-431DDF86599D}.Release|Any CPU.Build.0 = Release|Any CPU
	EndGlobalSection
	GlobalSection(SolutionProperties) = preSolution
		HideSolutionNode = FALSE
	EndGlobalSection
	GlobalSection(ExtensibilityGlobals) = postSolution
		SolutionGuid = {F82AA22F-87B4-40CC-8A8C-4770ECD47EE6}
	EndGlobalSection
EndGlobal
