
Microsoft Visual Studio Solution File, Format Version 12.00
# Visual Studio Version 17
VisualStudioVersion = 17.0.32014.148
MinimumVisualStudioVersion = 10.0.40219.1
Project("{9A19103F-16F7-4668-BE54-9A1E7A4F7556}") = "App01", "App01\App01.csproj", "{E93591F1-8EBA-4268-8DC6-5FF802C2BFD4}"
EndProject
Project("{9A19103F-16F7-4668-BE54-9A1E7A4F7556}") = "Bucles for", "Bucles\Bucles for.csproj", "{D1479C86-2AEE-4058-BC2D-ECAD25703F86}"
EndProject
Project("{9A19103F-16F7-4668-BE54-9A1E7A4F7556}") = "Bucle-while", "Bucle-while\Bucle-while.csproj", "{D2E0C4EA-8E80-4ADD-8B06-9C2A1CF2AE41}"
EndProject
Project("{9A19103F-16F7-4668-BE54-9A1E7A4F7556}") = "do-while", "do-while\do-while.csproj", "{EDAF41F6-E201-473D-99F5-A2CD011055B2}"
EndProject
Project("{9A19103F-16F7-4668-BE54-9A1E7A4F7556}") = "Exceptions", "Exceptions\Exceptions.csproj", "{13107DE5-2852-4279-B3C4-6726F5F75602}"
EndProject
Project("{9A19103F-16F7-4668-BE54-9A1E7A4F7556}") = "method-void", "method-void\method-void.csproj", "{53BE3094-8C31-49A4-A270-E1617BAC54E9}"
EndProject
Project("{9A19103F-16F7-4668-BE54-9A1E7A4F7556}") = "CalcularSalario", "CalcularSalario\CalcularSalario.csproj", "{60C4BD99-A79F-4180-98F5-6B65A9D4DE8A}"
EndProject
Project("{9A19103F-16F7-4668-BE54-9A1E7A4F7556}") = "method-string", "method-string\method-string.csproj", "{2A84EF4C-DFA7-438B-A5FE-81F123E0E108}"
EndProject
Project("{9A19103F-16F7-4668-BE54-9A1E7A4F7556}") = "tuplas", "tuplas\tuplas.csproj", "{FE8FEF81-A3EF-4A65-AF50-2EC8A056B3D4}"
EndProject
Project("{FAE04EC0-301F-11D3-BF4B-00C04F79EFBC}") = "method-tupla", "method-tupla\method-tupla.csproj", "{D5F87808-6135-4FBC-ACA1-3B542601C4A8}"
EndProject
Global
	GlobalSection(SolutionConfigurationPlatforms) = preSolution
		Debug|Any CPU = Debug|Any CPU
		Release|Any CPU = Release|Any CPU
	EndGlobalSection
	GlobalSection(ProjectConfigurationPlatforms) = postSolution
		{E93591F1-8EBA-4268-8DC6-5FF802C2BFD4}.Debug|Any CPU.ActiveCfg = Debug|Any CPU
		{E93591F1-8EBA-4268-8DC6-5FF802C2BFD4}.Debug|Any CPU.Build.0 = Debug|Any CPU
		{E93591F1-8EBA-4268-8DC6-5FF802C2BFD4}.Release|Any CPU.ActiveCfg = Release|Any CPU
		{E93591F1-8EBA-4268-8DC6-5FF802C2BFD4}.Release|Any CPU.Build.0 = Release|Any CPU
		{D1479C86-2AEE-4058-BC2D-ECAD25703F86}.Debug|Any CPU.ActiveCfg = Debug|Any CPU
		{D1479C86-2AEE-4058-BC2D-ECAD25703F86}.Debug|Any CPU.Build.0 = Debug|Any CPU
		{D1479C86-2AEE-4058-BC2D-ECAD25703F86}.Release|Any CPU.ActiveCfg = Release|Any CPU
		{D1479C86-2AEE-4058-BC2D-ECAD25703F86}.Release|Any CPU.Build.0 = Release|Any CPU
		{D2E0C4EA-8E80-4ADD-8B06-9C2A1CF2AE41}.Debug|Any CPU.ActiveCfg = Debug|Any CPU
		{D2E0C4EA-8E80-4ADD-8B06-9C2A1CF2AE41}.Debug|Any CPU.Build.0 = Debug|Any CPU
		{D2E0C4EA-8E80-4ADD-8B06-9C2A1CF2AE41}.Release|Any CPU.ActiveCfg = Release|Any CPU
		{D2E0C4EA-8E80-4ADD-8B06-9C2A1CF2AE41}.Release|Any CPU.Build.0 = Release|Any CPU
		{EDAF41F6-E201-473D-99F5-A2CD011055B2}.Debug|Any CPU.ActiveCfg = Debug|Any CPU
		{EDAF41F6-E201-473D-99F5-A2CD011055B2}.Debug|Any CPU.Build.0 = Debug|Any CPU
		{EDAF41F6-E201-473D-99F5-A2CD011055B2}.Release|Any CPU.ActiveCfg = Release|Any CPU
		{EDAF41F6-E201-473D-99F5-A2CD011055B2}.Release|Any CPU.Build.0 = Release|Any CPU
		{13107DE5-2852-4279-B3C4-6726F5F75602}.Debug|Any CPU.ActiveCfg = Debug|Any CPU
		{13107DE5-2852-4279-B3C4-6726F5F75602}.Debug|Any CPU.Build.0 = Debug|Any CPU
		{13107DE5-2852-4279-B3C4-6726F5F75602}.Release|Any CPU.ActiveCfg = Release|Any CPU
		{13107DE5-2852-4279-B3C4-6726F5F75602}.Release|Any CPU.Build.0 = Release|Any CPU
		{53BE3094-8C31-49A4-A270-E1617BAC54E9}.Debug|Any CPU.ActiveCfg = Debug|Any CPU
		{53BE3094-8C31-49A4-A270-E1617BAC54E9}.Debug|Any CPU.Build.0 = Debug|Any CPU
		{53BE3094-8C31-49A4-A270-E1617BAC54E9}.Release|Any CPU.ActiveCfg = Release|Any CPU
		{53BE3094-8C31-49A4-A270-E1617BAC54E9}.Release|Any CPU.Build.0 = Release|Any CPU
		{60C4BD99-A79F-4180-98F5-6B65A9D4DE8A}.Debug|Any CPU.ActiveCfg = Debug|Any CPU
		{60C4BD99-A79F-4180-98F5-6B65A9D4DE8A}.Debug|Any CPU.Build.0 = Debug|Any CPU
		{60C4BD99-A79F-4180-98F5-6B65A9D4DE8A}.Release|Any CPU.ActiveCfg = Release|Any CPU
		{60C4BD99-A79F-4180-98F5-6B65A9D4DE8A}.Release|Any CPU.Build.0 = Release|Any CPU
		{2A84EF4C-DFA7-438B-A5FE-81F123E0E108}.Debug|Any CPU.ActiveCfg = Debug|Any CPU
		{2A84EF4C-DFA7-438B-A5FE-81F123E0E108}.Debug|Any CPU.Build.0 = Debug|Any CPU
		{2A84EF4C-DFA7-438B-A5FE-81F123E0E108}.Release|Any CPU.ActiveCfg = Release|Any CPU
		{2A84EF4C-DFA7-438B-A5FE-81F123E0E108}.Release|Any CPU.Build.0 = Release|Any CPU
		{FE8FEF81-A3EF-4A65-AF50-2EC8A056B3D4}.Debug|Any CPU.ActiveCfg = Debug|Any CPU
		{FE8FEF81-A3EF-4A65-AF50-2EC8A056B3D4}.Debug|Any CPU.Build.0 = Debug|Any CPU
		{FE8FEF81-A3EF-4A65-AF50-2EC8A056B3D4}.Release|Any CPU.ActiveCfg = Release|Any CPU
		{FE8FEF81-A3EF-4A65-AF50-2EC8A056B3D4}.Release|Any CPU.Build.0 = Release|Any CPU
		{D5F87808-6135-4FBC-ACA1-3B542601C4A8}.Debug|Any CPU.ActiveCfg = Debug|Any CPU
		{D5F87808-6135-4FBC-ACA1-3B542601C4A8}.Debug|Any CPU.Build.0 = Debug|Any CPU
		{D5F87808-6135-4FBC-ACA1-3B542601C4A8}.Release|Any CPU.ActiveCfg = Release|Any CPU
		{D5F87808-6135-4FBC-ACA1-3B542601C4A8}.Release|Any CPU.Build.0 = Release|Any CPU
	EndGlobalSection
	GlobalSection(SolutionProperties) = preSolution
		HideSolutionNode = FALSE
	EndGlobalSection
	GlobalSection(ExtensibilityGlobals) = postSolution
		SolutionGuid = {8EC1B1E0-64EE-436F-B46C-FD89F27C04B6}
	EndGlobalSection
EndGlobal
